// !$*UTF8*$!
{
	archiveVersion = 1;
	classes = {
	};
	objectVersion = 77;
	objects = {

/* Begin PBXBuildFile section */
		2248662A5E4D6DAFE1D6188E /* Assets.xcassets in Resources */ = {isa = PBXBuildFile; fileRef = 1E74B3F4446DDC3DE2BAA51F /* Assets.xcassets */; };
		363219DBA1D6C53B00DB8401 /* LifeData.swift in Sources */ = {isa = PBXBuildFile; fileRef = FB672ABDD50DC9259B48E851 /* LifeData.swift */; };
		499F54CAAB1C91AF6F227606 /* LifeApp.swift in Sources */ = {isa = PBXBuildFile; fileRef = 812AC70F998366D9FE72ED09 /* LifeApp.swift */; };
		920EFDCC435338A07D1D868C /* TimelineView.swift in Sources */ = {isa = PBXBuildFile; fileRef = 53B7087C5C203C3AEB39F309 /* TimelineView.swift */; };
		D7E1BF5A5D3AC6F210120B40 /* LifeiOSTests.swift in Sources */ = {isa = PBXBuildFile; fileRef = 25B7C4A696BE1E5F5166FBD6 /* LifeiOSTests.swift */; };
		E44950F57016B6BE50906E35 /* ContentView.swift in Sources */ = {isa = PBXBuildFile; fileRef = 03446190005C1639C1D260C1 /* ContentView.swift */; };
		E8EBFDF4BA8904DB4F208BA8 /* SectionCardView.swift in Sources */ = {isa = PBXBuildFile; fileRef = AB8B0181F31A385AC72B7A7B /* SectionCardView.swift */; };
/* End PBXBuildFile section */

/* Begin PBXContainerItemProxy section */
		BF3547FECBDEFF2784D0884D /* PBXContainerItemProxy */ = {
			isa = PBXContainerItemProxy;
			containerPortal = DEA06EB59EF8C102FE482645 /* Project object */;
			proxyType = 1;
			remoteGlobalIDString = 6B716F59C81617C9F62FBD0E;
			remoteInfo = Life;
		};
/* End PBXContainerItemProxy section */

/* Begin PBXFileReference section */
		03446190005C1639C1D260C1 /* ContentView.swift */ = {isa = PBXFileReference; lastKnownFileType = sourcecode.swift; path = ContentView.swift; sourceTree = "<group>"; };
		1E74B3F4446DDC3DE2BAA51F /* Assets.xcassets */ = {isa = PBXFileReference; lastKnownFileType = folder.assetcatalog; path = Assets.xcassets; sourceTree = "<group>"; };
		25B7C4A696BE1E5F5166FBD6 /* LifeiOSTests.swift */ = {isa = PBXFileReference; lastKnownFileType = sourcecode.swift; path = LifeiOSTests.swift; sourceTree = "<group>"; };
		393F67C35B3ECCF400E3AD81 /* LifeTests.xctest */ = {isa = PBXFileReference; includeInIndex = 0; lastKnownFileType = wrapper.cfbundle; path = LifeTests.xctest; sourceTree = BUILT_PRODUCTS_DIR; };
		53B7087C5C203C3AEB39F309 /* TimelineView.swift */ = {isa = PBXFileReference; lastKnownFileType = sourcecode.swift; path = TimelineView.swift; sourceTree = "<group>"; };
		684E01DE6778A88734A0FC25 /* Life.app */ = {isa = PBXFileReference; includeInIndex = 0; lastKnownFileType = wrapper.application; path = Life.app; sourceTree = BUILT_PRODUCTS_DIR; };
		812AC70F998366D9FE72ED09 /* LifeApp.swift */ = {isa = PBXFileReference; lastKnownFileType = sourcecode.swift; path = LifeApp.swift; sourceTree = "<group>"; };
		AB8B0181F31A385AC72B7A7B /* SectionCardView.swift */ = {isa = PBXFileReference; lastKnownFileType = sourcecode.swift; path = SectionCardView.swift; sourceTree = "<group>"; };
		E889326E785DC149C847C013 /* Info.plist */ = {isa = PBXFileReference; lastKnownFileType = text.plist; path = Info.plist; sourceTree = "<group>"; };
		FB672ABDD50DC9259B48E851 /* LifeData.swift */ = {isa = PBXFileReference; lastKnownFileType = sourcecode.swift; path = LifeData.swift; sourceTree = "<group>"; };
/* End PBXFileReference section */

/* Begin PBXGroup section */
		4D816874AC9F565981FEB0E6 /* Products */ = {
			isa = PBXGroup;
			children = (
				684E01DE6778A88734A0FC25 /* Life.app */,
				393F67C35B3ECCF400E3AD81 /* LifeTests.xctest */,
			);
			name = Products;
			sourceTree = "<group>";
		};
		6C1806F36EB8D6C9CA02A573 = {
			isa = PBXGroup;
			children = (
				EE768F5C5BD606A59053A223 /* life-ios */,
				D8F4EAA1920185249FDCED3C /* Models */,
				718107EC118EBEA472F11D4E /* Tests */,
				CC74311CE7555D731AD1B0AC /* Views */,
				4D816874AC9F565981FEB0E6 /* Products */,
			);
			sourceTree = "<group>";
		};
		718107EC118EBEA472F11D4E /* Tests */ = {
			isa = PBXGroup;
			children = (
				25B7C4A696BE1E5F5166FBD6 /* LifeiOSTests.swift */,
			);
			path = Tests;
			sourceTree = "<group>";
		};
		CC74311CE7555D731AD1B0AC /* Views */ = {
			isa = PBXGroup;
			children = (
				03446190005C1639C1D260C1 /* ContentView.swift */,
				AB8B0181F31A385AC72B7A7B /* SectionCardView.swift */,
				53B7087C5C203C3AEB39F309 /* TimelineView.swift */,
			);
			path = Views;
			sourceTree = "<group>";
		};
		D8F4EAA1920185249FDCED3C /* Models */ = {
			isa = PBXGroup;
			children = (
				FB672ABDD50DC9259B48E851 /* LifeData.swift */,
			);
			path = Models;
			sourceTree = "<group>";
		};
		EE768F5C5BD606A59053A223 /* life-ios */ = {
			isa = PBXGroup;
			children = (
				1E74B3F4446DDC3DE2BAA51F /* Assets.xcassets */,
				E889326E785DC149C847C013 /* Info.plist */,
				812AC70F998366D9FE72ED09 /* LifeApp.swift */,
				D8F4EAA1920185249FDCED3C /* Models */,
				CC74311CE7555D731AD1B0AC /* Views */,
			);
			name = "life-ios";
			path = .;
			sourceTree = "<group>";
		};
/* End PBXGroup section */

/* Begin PBXNativeTarget section */
		2F5DE325505FCCF9C47B56B7 /* LifeTests */ = {
			isa = PBXNativeTarget;
			buildConfigurationList = 32BBB3D6D7268354B04A1966 /* Build configuration list for PBXNativeTarget "LifeTests" */;
			buildPhases = (
				2AE4895533EA57D7E8060019 /* Sources */,
			);
			buildRules = (
			);
			dependencies = (
				FE4BA758FFCF0CDB22CC3000 /* PBXTargetDependency */,
			);
			name = LifeTests;
			packageProductDependencies = (
			);
			productName = LifeTests;
			productReference = 393F67C35B3ECCF400E3AD81 /* LifeTests.xctest */;
			productType = "com.apple.product-type.bundle.unit-test";
		};
		6B716F59C81617C9F62FBD0E /* Life */ = {
			isa = PBXNativeTarget;
			buildConfigurationList = 902D66D1E9F45CD3052252BB /* Build configuration list for PBXNativeTarget "Life" */;
			buildPhases = (
				5F56B432D29B35DBE545DE0E /* Sources */,
				997A0EF9CDEDC077A8CC9413 /* Resources */,
			);
			buildRules = (
			);
			dependencies = (
			);
			name = Life;
			packageProductDependencies = (
			);
			productName = Life;
			productReference = 684E01DE6778A88734A0FC25 /* Life.app */;
			productType = "com.apple.product-type.application";
		};
/* End PBXNativeTarget section */

/* Begin PBXProject section */
		DEA06EB59EF8C102FE482645 /* Project object */ = {
			isa = PBXProject;
			attributes = {
				BuildIndependentTargetsInParallel = YES;
				LastUpgradeCheck = 1600;
				TargetAttributes = {
				};
			};
			buildConfigurationList = 5704AD7FBFB96B7CC2FF0DC8 /* Build configuration list for PBXProject "Life" */;
			developmentRegion = en;
			hasScannedForEncodings = 0;
			knownRegions = (
				Base,
				en,
			);
			mainGroup = 6C1806F36EB8D6C9CA02A573;
			minimizedProjectReferenceProxies = 1;
			preferredProjectObjectVersion = 77;
			productRefGroup = 4D816874AC9F565981FEB0E6 /* Products */;
			projectDirPath = "";
			projectRoot = "";
			targets = (
				6B716F59C81617C9F62FBD0E /* Life */,
				2F5DE325505FCCF9C47B56B7 /* LifeTests */,
			);
		};
/* End PBXProject section */

/* Begin PBXResourcesBuildPhase section */
		997A0EF9CDEDC077A8CC9413 /* Resources */ = {
			isa = PBXResourcesBuildPhase;
			buildActionMask = 2147483647;
			files = (
				2248662A5E4D6DAFE1D6188E /* Assets.xcassets in Resources */,
			);
			runOnlyForDeploymentPostprocessing = 0;
		};
/* End PBXResourcesBuildPhase section */

/* Begin PBXSourcesBuildPhase section */
		2AE4895533EA57D7E8060019 /* Sources */ = {
			isa = PBXSourcesBuildPhase;
			buildActionMask = 2147483647;
			files = (
				D7E1BF5A5D3AC6F210120B40 /* LifeiOSTests.swift in Sources */,
			);
			runOnlyForDeploymentPostprocessing = 0;
		};
		5F56B432D29B35DBE545DE0E /* Sources */ = {
			isa = PBXSourcesBuildPhase;
			buildActionMask = 2147483647;
			files = (
				E44950F57016B6BE50906E35 /* ContentView.swift in Sources */,
				499F54CAAB1C91AF6F227606 /* LifeApp.swift in Sources */,
				363219DBA1D6C53B00DB8401 /* LifeData.swift in Sources */,
				E8EBFDF4BA8904DB4F208BA8 /* SectionCardView.swift in Sources */,
				920EFDCC435338A07D1D868C /* TimelineView.swift in Sources */,
			);
			runOnlyForDeploymentPostprocessing = 0;
		};
/* End PBXSourcesBuildPhase section */

/* Begin PBXTargetDependency section */
		FE4BA758FFCF0CDB22CC3000 /* PBXTargetDependency */ = {
			isa = PBXTargetDependency;
			target = 6B716F59C81617C9F62FBD0E /* Life */;
			targetProxy = BF3547FECBDEFF2784D0884D /* PBXContainerItemProxy */;
		};
/* End PBXTargetDependency section */

/* Begin XCBuildConfiguration section */
		372421C82EBDC575E1ECB317 /* Release */ = {
			isa = XCBuildConfiguration;
			buildSettings = {
				BUNDLE_LOADER = "$(TEST_HOST)";
				LD_RUNPATH_SEARCH_PATHS = (
					"$(inherited)",
					"@executable_path/Frameworks",
					"@loader_path/Frameworks",
				);
				PRODUCT_BUNDLE_IDENTIFIER = com.nulljosh.LifeTests;
				SDKROOT = iphoneos;
				TARGETED_DEVICE_FAMILY = "1,2";
				TEST_HOST = "$(BUILT_PRODUCTS_DIR)/Life.app/Life";
			};
			name = Release;
		};
		5E6DD41302CEDA8E21DC6015 /* Debug */ = {
			isa = XCBuildConfiguration;
			buildSettings = {
				ASSETCATALOG_COMPILER_APPICON_NAME = AppIcon;
				CODE_SIGN_IDENTITY = "iPhone Developer";
				INFOPLIST_FILE = Info.plist;
				LD_RUNPATH_SEARCH_PATHS = (
					"$(inherited)",
					"@executable_path/Frameworks",
				);
				PRODUCT_BUNDLE_IDENTIFIER = "com.nulljosh.life-ios";
				SDKROOT = iphoneos;
				TARGETED_DEVICE_FAMILY = "1,2";
			};
			name = Debug;
		};
		63C6101C9B802E2835908D21 /* Debug */ = {
			isa = XCBuildConfiguration;
			buildSettings = {
				BUNDLE_LOADER = "$(TEST_HOST)";
				LD_RUNPATH_SEARCH_PATHS = (
					"$(inherited)",
					"@executable_path/Frameworks",
					"@loader_path/Frameworks",
				);
				PRODUCT_BUNDLE_IDENTIFIER = com.nulljosh.LifeTests;
				SDKROOT = iphoneos;
				TARGETED_DEVICE_FAMILY = "1,2";
				TEST_HOST = "$(BUILT_PRODUCTS_DIR)/Life.app/Life";
			};
			name = Debug;
		};
		65F7E1884D8C195FC4FC19AE /* Debug */ = {
			isa = XCBuildConfiguration;
			buildSettings = {
				ALWAYS_SEARCH_USER_PATHS = NO;
				CLANG_ANALYZER_NONNULL = YES;
				CLANG_ANALYZER_NUMBER_OBJECT_CONVERSION = YES_AGGRESSIVE;
				CLANG_CXX_LANGUAGE_STANDARD = "gnu++14";
				CLANG_CXX_LIBRARY = "libc++";
				CLANG_ENABLE_MODULES = YES;
				CLANG_ENABLE_OBJC_ARC = YES;
				CLANG_ENABLE_OBJC_WEAK = YES;
				CLANG_WARN_BLOCK_CAPTURE_AUTORELEASING = YES;
				CLANG_WARN_BOOL_CONVERSION = YES;
				CLANG_WARN_COMMA = YES;
				CLANG_WARN_CONSTANT_CONVERSION = YES;
				CLANG_WARN_DEPRECATED_OBJC_IMPLEMENTATIONS = YES;
				CLANG_WARN_DIRECT_OBJC_ISA_USAGE = YES_ERROR;
				CLANG_WARN_DOCUMENTATION_COMMENTS = YES;
				CLANG_WARN_EMPTY_BODY = YES;
				CLANG_WARN_ENUM_CONVERSION = YES;
				CLANG_WARN_INFINITE_RECURSION = YES;
				CLANG_WARN_INT_CONVERSION = YES;
				CLANG_WARN_NON_LITERAL_NULL_CONVERSION = YES;
				CLANG_WARN_OBJC_IMPLICIT_RETAIN_SELF = YES;
				CLANG_WARN_OBJC_LITERAL_CONVERSION = YES;
				CLANG_WARN_OBJC_ROOT_CLASS = YES_ERROR;
				CLANG_WARN_QUOTED_INCLUDE_IN_FRAMEWORK_HEADER = YES;
				CLANG_WARN_RANGE_LOOP_ANALYSIS = YES;
				CLANG_WARN_STRICT_PROTOTYPES = YES;
				CLANG_WARN_SUSPICIOUS_MOVE = YES;
				CLANG_WARN_UNGUARDED_AVAILABILITY = YES_AGGRESSIVE;
				CLANG_WARN_UNREACHABLE_CODE = YES;
				CLANG_WARN__DUPLICATE_METHOD_MATCH = YES;
				COPY_PHASE_STRIP = NO;
				CURRENT_PROJECT_VERSION = 1;
				DEBUG_INFORMATION_FORMAT = dwarf;
				ENABLE_STRICT_OBJC_MSGSEND = YES;
				ENABLE_TESTABILITY = YES;
				GCC_C_LANGUAGE_STANDARD = gnu11;
				GCC_DYNAMIC_NO_PIC = NO;
				GCC_NO_COMMON_BLOCKS = YES;
				GCC_OPTIMIZATION_LEVEL = 0;
				GCC_PREPROCESSOR_DEFINITIONS = (
					"$(inherited)",
					"DEBUG=1",
				);
				GCC_WARN_64_TO_32_BIT_CONVERSION = YES;
				GCC_WARN_ABOUT_RETURN_TYPE = YES_ERROR;
				GCC_WARN_UNDECLARED_SELECTOR = YES;
				GCC_WARN_UNINITIALIZED_AUTOS = YES_AGGRESSIVE;
				GCC_WARN_UNUSED_FUNCTION = YES;
				GCC_WARN_UNUSED_VARIABLE = YES;
				GENERATE_INFOPLIST_FILE = YES;
				INFOPLIST_FILE = Info.plist;
				IPHONEOS_DEPLOYMENT_TARGET = 17.0;
				MARKETING_VERSION = 1.0.0;
				MTL_ENABLE_DEBUG_INFO = INCLUDE_SOURCE;
				MTL_FAST_MATH = YES;
				ONLY_ACTIVE_ARCH = YES;
				PRODUCT_NAME = "$(TARGET_NAME)";
				SDKROOT = iphoneos;
				SWIFT_ACTIVE_COMPILATION_CONDITIONS = DEBUG;
				SWIFT_OPTIMIZATION_LEVEL = "-Onone";
				SWIFT_VERSION = 5.10;
			};
			name = Debug;
		};
		6A083418FF2585E72BF562D7 /* Release */ = {
			isa = XCBuildConfiguration;
			buildSettings = {
				ALWAYS_SEARCH_USER_PATHS = NO;
				CLANG_ANALYZER_NONNULL = YES;
				CLANG_ANALYZER_NUMBER_OBJECT_CONVERSION = YES_AGGRESSIVE;
				CLANG_CXX_LANGUAGE_STANDARD = "gnu++14";
				CLANG_CXX_LIBRARY = "libc++";
				CLANG_ENABLE_MODULES = YES;
				CLANG_ENABLE_OBJC_ARC = YES;
				CLANG_ENABLE_OBJC_WEAK = YES;
				CLANG_WARN_BLOCK_CAPTURE_AUTORELEASING = YES;
				CLANG_WARN_BOOL_CONVERSION = YES;
				CLANG_WARN_COMMA = YES;
				CLANG_WARN_CONSTANT_CONVERSION = YES;
				CLANG_WARN_DEPRECATED_OBJC_IMPLEMENTATIONS = YES;
				CLANG_WARN_DIRECT_OBJC_ISA_USAGE = YES_ERROR;
				CLANG_WARN_DOCUMENTATION_COMMENTS = YES;
				CLANG_WARN_EMPTY_BODY = YES;
				CLANG_WARN_ENUM_CONVERSION = YES;
				CLANG_WARN_INFINITE_RECURSION = YES;
				CLANG_WARN_INT_CONVERSION = YES;
				CLANG_WARN_NON_LITERAL_NULL_CONVERSION = YES;
				CLANG_WARN_OBJC_IMPLICIT_RETAIN_SELF = YES;
				CLANG_WARN_OBJC_LITERAL_CONVERSION = YES;
				CLANG_WARN_OBJC_ROOT_CLASS = YES_ERROR;
				CLANG_WARN_QUOTED_INCLUDE_IN_FRAMEWORK_HEADER = YES;
				CLANG_WARN_RANGE_LOOP_ANALYSIS = YES;
				CLANG_WARN_STRICT_PROTOTYPES = YES;
				CLANG_WARN_SUSPICIOUS_MOVE = YES;
				CLANG_WARN_UNGUARDED_AVAILABILITY = YES_AGGRESSIVE;
				CLANG_WARN_UNREACHABLE_CODE = YES;
				CLANG_WARN__DUPLICATE_METHOD_MATCH = YES;
				COPY_PHASE_STRIP = NO;
				CURRENT_PROJECT_VERSION = 1;
				DEBUG_INFORMATION_FORMAT = "dwarf-with-dsym";
				ENABLE_NS_ASSERTIONS = NO;
				ENABLE_STRICT_OBJC_MSGSEND = YES;
				GCC_C_LANGUAGE_STANDARD = gnu11;
				GCC_NO_COMMON_BLOCKS = YES;
				GCC_WARN_64_TO_32_BIT_CONVERSION = YES;
				GCC_WARN_ABOUT_RETURN_TYPE = YES_ERROR;
				GCC_WARN_UNDECLARED_SELECTOR = YES;
				GCC_WARN_UNINITIALIZED_AUTOS = YES_AGGRESSIVE;
				GCC_WARN_UNUSED_FUNCTION = YES;
				GCC_WARN_UNUSED_VARIABLE = YES;
				GENERATE_INFOPLIST_FILE = YES;
				INFOPLIST_FILE = Info.plist;
				IPHONEOS_DEPLOYMENT_TARGET = 17.0;
				MARKETING_VERSION = 1.0.0;
				MTL_ENABLE_DEBUG_INFO = NO;
				MTL_FAST_MATH = YES;
				PRODUCT_NAME = "$(TARGET_NAME)";
				SDKROOT = iphoneos;
				SWIFT_COMPILATION_MODE = wholemodule;
				SWIFT_OPTIMIZATION_LEVEL = "-O";
				SWIFT_VERSION = 5.10;
			};
			name = Release;
		};
		B200B097DD29BD752D3F92CC /* Release */ = {
			isa = XCBuildConfiguration;
			buildSettings = {
				ASSETCATALOG_COMPILER_APPICON_NAME = AppIcon;
				CODE_SIGN_IDENTITY = "iPhone Developer";
				INFOPLIST_FILE = Info.plist;
				LD_RUNPATH_SEARCH_PATHS = (
					"$(inherited)",
					"@executable_path/Frameworks",
				);
				PRODUCT_BUNDLE_IDENTIFIER = "com.nulljosh.life-ios";
				SDKROOT = iphoneos;
				TARGETED_DEVICE_FAMILY = "1,2";
			};
			name = Release;
		};
/* End XCBuildConfiguration section */

/* Begin XCConfigurationList section */
		32BBB3D6D7268354B04A1966 /* Build configuration list for PBXNativeTarget "LifeTests" */ = {
			isa = XCConfigurationList;
			buildConfigurations = (
				63C6101C9B802E2835908D21 /* Debug */,
				372421C82EBDC575E1ECB317 /* Release */,
			);
			defaultConfigurationIsVisible = 0;
			defaultConfigurationName = Debug;
		};
		5704AD7FBFB96B7CC2FF0DC8 /* Build configuration list for PBXProject "Life" */ = {
			isa = XCConfigurationList;
			buildConfigurations = (
				65F7E1884D8C195FC4FC19AE /* Debug */,
				6A083418FF2585E72BF562D7 /* Release */,
			);
			defaultConfigurationIsVisible = 0;
			defaultConfigurationName = Debug;
		};
		902D66D1E9F45CD3052252BB /* Build configuration list for PBXNativeTarget "Life" */ = {
			isa = XCConfigurationList;
			buildConfigurations = (
				5E6DD41302CEDA8E21DC6015 /* Debug */,
				B200B097DD29BD752D3F92CC /* Release */,
			);
			defaultConfigurationIsVisible = 0;
			defaultConfigurationName = Debug;
		};
/* End XCConfigurationList section */
	};
	rootObject = DEA06EB59EF8C102FE482645 /* Project object */;
}
